
Microsoft Visual Studio Solution File, Format Version 12.00
# Visual Studio Version 17
VisualStudioVersion = 17.5.33516.290
MinimumVisualStudioVersion = 10.0.40219.1
Project("{8BC9CEB8-8B4A-11D0-8D11-00A0C91BC942}") = "main", "main\main.vcxproj", "{F19A9930-C11D-4B8B-B9C0-920CF2518E66}"
EndProject
Global
	GlobalSection(SolutionConfigurationPlatforms) = preSolution
		Debug|x64 = Debug|x64
		Debug|x86 = Debug|x86
		Release|x64 = Release|x64
		Release|x86 = Release|x86
	EndGlobalSection
	GlobalSection(ProjectConfigurationPlatforms) = postSolution
		{F19A9930-C11D-4B8B-B9C0-920CF2518E66}.Debug|x64.ActiveCfg = Debug|x64
		{F19A9930-C11D-4B8B-B9C0-920CF2518E66}.Debug|x64.Build.0 = Debug|x64
		{F19A9930-C11D-4B8B-B9C0-920CF2518E66}.Debug|x86.ActiveCfg = Debug|Win32
		{F19A9930-C11D-4B8B-B9C0-920CF2518E66}.Debug|x86.Build.0 = Debug|Win32
		{F19A9930-C11D-4B8B-B9C0-920CF2518E66}.Release|x64.ActiveCfg = Release|x64
		{F19A9930-C11D-4B8B-B9C0-920CF2518E66}.Release|x64.Build.0 = Release|x64
		{F19A9930-C11D-4B8B-B9C0-920CF2518E66}.Release|x86.ActiveCfg = Release|Win32
		{F19A9930-C11D-4B8B-B9C0-920CF2518E66}.Release|x86.Build.0 = Release|Win32
	EndGlobalSection
	GlobalSection(SolutionProperties) = preSolution
		HideSolutionNode = FALSE
	EndGlobalSection
	GlobalSection(ExtensibilityGlobals) = postSolution
		SolutionGuid = {F198A3A9-63B8-4A32-AA95-3CD1C233070A}
	EndGlobalSection
EndGlobal
